// !$*UTF8*$!
{
	archiveVersion = 1;
	classes = {
	};
	objectVersion = 46;
	objects = {

/* Begin PBXBuildFile section */
		07EB03371F2A6F1F001D961B /* TimerViewController.swift in Sources */ = {isa = PBXBuildFile; fileRef = 07EB03361F2A6F1F001D961B /* TimerViewController.swift */; };
		E8285CF41F2A6BFA00CA7061 /* AppDelegate.swift in Sources */ = {isa = PBXBuildFile; fileRef = E8285CF31F2A6BFA00CA7061 /* AppDelegate.swift */; };
		E8285CF61F2A6BFA00CA7061 /* ViewController.swift in Sources */ = {isa = PBXBuildFile; fileRef = E8285CF51F2A6BFA00CA7061 /* ViewController.swift */; };
		E8285CF91F2A6BFA00CA7061 /* Main.storyboard in Resources */ = {isa = PBXBuildFile; fileRef = E8285CF71F2A6BFA00CA7061 /* Main.storyboard */; };
		E8285CFB1F2A6BFA00CA7061 /* Assets.xcassets in Resources */ = {isa = PBXBuildFile; fileRef = E8285CFA1F2A6BFA00CA7061 /* Assets.xcassets */; };
		E8285CFE1F2A6BFA00CA7061 /* LaunchScreen.storyboard in Resources */ = {isa = PBXBuildFile; fileRef = E8285CFC1F2A6BFA00CA7061 /* LaunchScreen.storyboard */; };
/* End PBXBuildFile section */

/* Begin PBXFileReference section */
		07EB03361F2A6F1F001D961B /* TimerViewController.swift */ = {isa = PBXFileReference; fileEncoding = 4; lastKnownFileType = sourcecode.swift; path = TimerViewController.swift; sourceTree = "<group>"; };
		E8285CF01F2A6BFA00CA7061 /* TeamFive.app */ = {isa = PBXFileReference; explicitFileType = wrapper.application; includeInIndex = 0; path = TeamFive.app; sourceTree = BUILT_PRODUCTS_DIR; };
		E8285CF31F2A6BFA00CA7061 /* AppDelegate.swift */ = {isa = PBXFileReference; lastKnownFileType = sourcecode.swift; path = AppDelegate.swift; sourceTree = "<group>"; };
		E8285CF51F2A6BFA00CA7061 /* ViewController.swift */ = {isa = PBXFileReference; lastKnownFileType = sourcecode.swift; path = ViewController.swift; sourceTree = "<group>"; };
		E8285CF81F2A6BFA00CA7061 /* Base */ = {isa = PBXFileReference; lastKnownFileType = file.storyboard; name = Base; path = Base.lproj/Main.storyboard; sourceTree = "<group>"; };
		E8285CFA1F2A6BFA00CA7061 /* Assets.xcassets */ = {isa = PBXFileReference; lastKnownFileType = folder.assetcatalog; path = Assets.xcassets; sourceTree = "<group>"; };
		E8285CFD1F2A6BFA00CA7061 /* Base */ = {isa = PBXFileReference; lastKnownFileType = file.storyboard; name = Base; path = Base.lproj/LaunchScreen.storyboard; sourceTree = "<group>"; };
		E8285CFF1F2A6BFA00CA7061 /* Info.plist */ = {isa = PBXFileReference; lastKnownFileType = text.plist.xml; path = Info.plist; sourceTree = "<group>"; };
/* End PBXFileReference section */

/* Begin PBXFrameworksBuildPhase section */
		E8285CED1F2A6BFA00CA7061 /* Frameworks */ = {
			isa = PBXFrameworksBuildPhase;
			buildActionMask = 2147483647;
			files = (
			);
			runOnlyForDeploymentPostprocessing = 0;
		};
/* End PBXFrameworksBuildPhase section */

/* Begin PBXGroup section */
		E8285CE71F2A6BF900CA7061 = {
			isa = PBXGroup;
			children = (
				E8285CF21F2A6BFA00CA7061 /* TeamFive */,
				E8285CF11F2A6BFA00CA7061 /* Products */,
			);
			sourceTree = "<group>";
		};
		E8285CF11F2A6BFA00CA7061 /* Products */ = {
			isa = PBXGroup;
			children = (
				E8285CF01F2A6BFA00CA7061 /* TeamFive.app */,
			);
			name = Products;
			sourceTree = "<group>";
		};
		E8285CF21F2A6BFA00CA7061 /* TeamFive */ = {
			isa = PBXGroup;
			children = (
				E8285CF31F2A6BFA00CA7061 /* AppDelegate.swift */,
				E8285CF51F2A6BFA00CA7061 /* ViewController.swift */,
				E8285CF71F2A6BFA00CA7061 /* Main.storyboard */,
				07EB03361F2A6F1F001D961B /* TimerViewController.swift */,
				E8285CFA1F2A6BFA00CA7061 /* Assets.xcassets */,
				E8285CFC1F2A6BFA00CA7061 /* LaunchScreen.storyboard */,
				E8285CFF1F2A6BFA00CA7061 /* Info.plist */,
			);
			path = TeamFive;
			sourceTree = "<group>";
		};
/* End PBXGroup section */

/* Begin PBXNativeTarget section */
		E8285CEF1F2A6BFA00CA7061 /* TeamFive */ = {
			isa = PBXNativeTarget;
			buildConfigurationList = E8285D021F2A6BFA00CA7061 /* Build configuration list for PBXNativeTarget "TeamFive" */;
			buildPhases = (
				E8285CEC1F2A6BFA00CA7061 /* Sources */,
				E8285CED1F2A6BFA00CA7061 /* Frameworks */,
				E8285CEE1F2A6BFA00CA7061 /* Resources */,
			);
			buildRules = (
			);
			dependencies = (
			);
			name = TeamFive;
			productName = TeamFive;
			productReference = E8285CF01F2A6BFA00CA7061 /* TeamFive.app */;
			productType = "com.apple.product-type.application";
		};
/* End PBXNativeTarget section */

/* Begin PBXProject section */
		E8285CE81F2A6BF900CA7061 /* Project object */ = {
			isa = PBXProject;
			attributes = {
				LastSwiftUpdateCheck = 0830;
				LastUpgradeCheck = 0830;
				ORGANIZATIONNAME = "Margaret Hunt";
				TargetAttributes = {
					E8285CEF1F2A6BFA00CA7061 = {
						CreatedOnToolsVersion = 8.3.3;
						DevelopmentTeam = F67BF8327X;
						ProvisioningStyle = Automatic;
					};
				};
			};
			buildConfigurationList = E8285CEB1F2A6BFA00CA7061 /* Build configuration list for PBXProject "TeamFive" */;
			compatibilityVersion = "Xcode 3.2";
			developmentRegion = English;
			hasScannedForEncodings = 0;
			knownRegions = (
				en,
				Base,
			);
			mainGroup = E8285CE71F2A6BF900CA7061;
			productRefGroup = E8285CF11F2A6BFA00CA7061 /* Products */;
			projectDirPath = "";
			projectRoot = "";
			targets = (
				E8285CEF1F2A6BFA00CA7061 /* TeamFive */,
			);
		};
/* End PBXProject section */

/* Begin PBXResourcesBuildPhase section */
		E8285CEE1F2A6BFA00CA7061 /* Resources */ = {
			isa = PBXResourcesBuildPhase;
			buildActionMask = 2147483647;
			files = (
				E8285CFE1F2A6BFA00CA7061 /* LaunchScreen.storyboard in Resources */,
				E8285CFB1F2A6BFA00CA7061 /* Assets.xcassets in Resources */,
				E8285CF91F2A6BFA00CA7061 /* Main.storyboard in Resources */,
			);
			runOnlyForDeploymentPostprocessing = 0;
		};
/* End PBXResourcesBuildPhase section */

/* Begin PBXSourcesBuildPhase section */
		E8285CEC1F2A6BFA00CA7061 /* Sources */ = {
			isa = PBXSourcesBuildPhase;
			buildActionMask = 2147483647;
			files = (
				E8285CF61F2A6BFA00CA7061 /* ViewController.swift in Sources */,
				07EB03371F2A6F1F001D961B /* TimerViewController.swift in Sources */,
				E8285CF41F2A6BFA00CA7061 /* AppDelegate.swift in Sources */,
			);
			runOnlyForDeploymentPostprocessing = 0;
		};
/* End PBXSourcesBuildPhase section */

/* Begin PBXVariantGroup section */
		E8285CF71F2A6BFA00CA7061 /* Main.storyboard */ = {
			isa = PBXVariantGroup;
			children = (
				E8285CF81F2A6BFA00CA7061 /* Base */,
			);
			name = Main.storyboard;
			sourceTree = "<group>";
		};
		E8285CFC1F2A6BFA00CA7061 /* LaunchScreen.storyboard */ = {
			isa = PBXVariantGroup;
			children = (
				E8285CFD1F2A6BFA00CA7061 /* Base */,
			);
			name = LaunchScreen.storyboard;
			sourceTree = "<group>";
		};
/* End PBXVariantGroup section */

/* Begin XCBuildConfiguration section */
		E8285D001F2A6BFA00CA7061 /* Debug */ = {
			isa = XCBuildConfiguration;
			buildSettings = {
				ALWAYS_SEARCH_USER_PATHS = NO;
				CLANG_ANALYZER_NONNULL = YES;
				CLANG_ANALYZER_NUMBER_OBJECT_CONVERSION = YES_AGGRESSIVE;
				CLANG_CXX_LANGUAGE_STANDARD = "gnu++0x";
				CLANG_CXX_LIBRARY = "libc++";
				CLANG_ENABLE_MODULES = YES;
				CLANG_ENABLE_OBJC_ARC = YES;
				CLANG_WARN_BOOL_CONVERSION = YES;
				CLANG_WARN_CONSTANT_CONVERSION = YES;
				CLANG_WARN_DIRECT_OBJC_ISA_USAGE = YES_ERROR;
				CLANG_WARN_DOCUMENTATION_COMMENTS = YES;
				CLANG_WARN_EMPTY_BODY = YES;
				CLANG_WARN_ENUM_CONVERSION = YES;
				CLANG_WARN_INFINITE_RECURSION = YES;
				CLANG_WARN_INT_CONVERSION = YES;
				CLANG_WARN_OBJC_ROOT_CLASS = YES_ERROR;
				CLANG_WARN_SUSPICIOUS_MOVE = YES;
				CLANG_WARN_UNREACHABLE_CODE = YES;
				CLANG_WARN__DUPLICATE_METHOD_MATCH = YES;
				"CODE_SIGN_IDENTITY[sdk=iphoneos*]" = "iPhone Developer";
				COPY_PHASE_STRIP = NO;
				DEBUG_INFORMATION_FORMAT = dwarf;
				ENABLE_STRICT_OBJC_MSGSEND = YES;
				ENABLE_TESTABILITY = YES;
				GCC_C_LANGUAGE_STANDARD = gnu99;
				GCC_DYNAMIC_NO_PIC = NO;
				GCC_NO_COMMON_BLOCKS = YES;
				GCC_OPTIMIZATION_LEVEL = 0;
				GCC_PREPROCESSOR_DEFINITIONS = (
					"DEBUG=1",
					"$(inherited)",
				);
				GCC_WARN_64_TO_32_BIT_CONVERSION = YES;
				GCC_WARN_ABOUT_RETURN_TYPE = YES_ERROR;
				GCC_WARN_UNDECLARED_SELECTOR = YES;
				GCC_WARN_UNINITIALIZED_AUTOS = YES_AGGRESSIVE;
				GCC_WARN_UNUSED_FUNCTION = YES;
				GCC_WARN_UNUSED_VARIABLE = YES;
				IPHONEOS_DEPLOYMENT_TARGET = 10.3;
				MTL_ENABLE_DEBUG_INFO = YES;
				ONLY_ACTIVE_ARCH = YES;
				SDKROOT = iphoneos;
				SWIFT_ACTIVE_COMPILATION_CONDITIONS = DEBUG;
				SWIFT_OPTIMIZATION_LEVEL = "-Onone";
			};
			name = Debug;
		};
		E8285D011F2A6BFA00CA7061 /* Release */ = {
			isa = XCBuildConfiguration;
			buildSettings = {
				ALWAYS_SEARCH_USER_PATHS = NO;
				CLANG_ANALYZER_NONNULL = YES;
				CLANG_ANALYZER_NUMBER_OBJECT_CONVERSION = YES_AGGRESSIVE;
				CLANG_CXX_LANGUAGE_STANDARD = "gnu++0x";
				CLANG_CXX_LIBRARY = "libc++";
				CLANG_ENABLE_MODULES = YES;
				CLANG_ENABLE_OBJC_ARC = YES;
				CLANG_WARN_BOOL_CONVERSION = YES;
				CLANG_WARN_CONSTANT_CONVERSION = YES;
				CLANG_WARN_DIRECT_OBJC_ISA_USAGE = YES_ERROR;
				CLANG_WARN_DOCUMENTATION_COMMENTS = YES;
				CLANG_WARN_EMPTY_BODY = YES;
				CLANG_WARN_ENUM_CONVERSION = YES;
				CLANG_WARN_INFINITE_RECURSION = YES;
				CLANG_WARN_INT_CONVERSION = YES;
				CLANG_WARN_OBJC_ROOT_CLASS = YES_ERROR;
				CLANG_WARN_SUSPICIOUS_MOVE = YES;
				CLANG_WARN_UNREACHABLE_CODE = YES;
				CLANG_WARN__DUPLICATE_METHOD_MATCH = YES;
				"CODE_SIGN_IDENTITY[sdk=iphoneos*]" = "iPhone Developer";
				COPY_PHASE_STRIP = NO;
				DEBUG_INFORMATION_FORMAT = "dwarf-with-dsym";
				ENABLE_NS_ASSERTIONS = NO;
				ENABLE_STRICT_OBJC_MSGSEND = YES;
				GCC_C_LANGUAGE_STANDARD = gnu99;
				GCC_NO_COMMON_BLOCKS = YES;
				GCC_WARN_64_TO_32_BIT_CONVERSION = YES;
				GCC_WARN_ABOUT_RETURN_TYPE = YES_ERROR;
				GCC_WARN_UNDECLARED_SELECTOR = YES;
				GCC_WARN_UNINITIALIZED_AUTOS = YES_AGGRESSIVE;
				GCC_WARN_UNUSED_FUNCTION = YES;
				GCC_WARN_UNUSED_VARIABLE = YES;
				IPHONEOS_DEPLOYMENT_TARGET = 10.3;
				MTL_ENABLE_DEBUG_INFO = NO;
				SDKROOT = iphoneos;
				SWIFT_OPTIMIZATION_LEVEL = "-Owholemodule";
				VALIDATE_PRODUCT = YES;
			};
			name = Release;
		};
		E8285D031F2A6BFA00CA7061 /* Debug */ = {
			isa = XCBuildConfiguration;
			buildSettings = {
				ASSETCATALOG_COMPILER_APPICON_NAME = AppIcon;
				DEVELOPMENT_TEAM = F67BF8327X;
				INFOPLIST_FILE = TeamFive/Info.plist;
				LD_RUNPATH_SEARCH_PATHS = "$(inherited) @executable_path/Frameworks";
				PRODUCT_BUNDLE_IDENTIFIER = com.JHHS.TeamFive;
				PRODUCT_NAME = "$(TARGET_NAME)";
				SWIFT_VERSION = 3.0;
			};
			name = Debug;
		};
		E8285D041F2A6BFA00CA7061 /* Release */ = {
			isa = XCBuildConfiguration;
			buildSettings = {
				ASSETCATALOG_COMPILER_APPICON_NAME = AppIcon;
				DEVELOPMENT_TEAM = F67BF8327X;
				INFOPLIST_FILE = TeamFive/Info.plist;
				LD_RUNPATH_SEARCH_PATHS = "$(inherited) @executable_path/Frameworks";
				PRODUCT_BUNDLE_IDENTIFIER = com.JHHS.TeamFive;
				PRODUCT_NAME = "$(TARGET_NAME)";
				SWIFT_VERSION = 3.0;
			};
			name = Release;
		};
/* End XCBuildConfiguration section */

/* Begin XCConfigurationList section */
		E8285CEB1F2A6BFA00CA7061 /* Build configuration list for PBXProject "TeamFive" */ = {
			isa = XCConfigurationList;
			buildConfigurations = (
				E8285D001F2A6BFA00CA7061 /* Debug */,
				E8285D011F2A6BFA00CA7061 /* Release */,
			);
			defaultConfigurationIsVisible = 0;
			defaultConfigurationName = Release;
		};
		E8285D021F2A6BFA00CA7061 /* Build configuration list for PBXNativeTarget "TeamFive" */ = {
			isa = XCConfigurationList;
			buildConfigurations = (
				E8285D031F2A6BFA00CA7061 /* Debug */,
				E8285D041F2A6BFA00CA7061 /* Release */,
			);
			defaultConfigurationIsVisible = 0;
			defaultConfigurationName = Release;
		};
/* End XCConfigurationList section */
	};
	rootObject = E8285CE81F2A6BF900CA7061 /* Project object */;
}
